// !$*UTF8*$!
{
	archiveVersion = 1;
	classes = {
	};
	objectVersion = 50;
	objects = {

/* Begin PBXBuildFile section */
		E14200B823A72E5F00290F2A /* AppDelegate.swift in Sources */ = {isa = PBXBuildFile; fileRef = E14200B723A72E5F00290F2A /* AppDelegate.swift */; };
		E14200BA23A72E5F00290F2A /* SceneDelegate.swift in Sources */ = {isa = PBXBuildFile; fileRef = E14200B923A72E5F00290F2A /* SceneDelegate.swift */; };
		E14200BC23A72E5F00290F2A /* ViewController.swift in Sources */ = {isa = PBXBuildFile; fileRef = E14200BB23A72E5F00290F2A /* ViewController.swift */; };
		E14200BF23A72E5F00290F2A /* Main.storyboard in Resources */ = {isa = PBXBuildFile; fileRef = E14200BD23A72E5F00290F2A /* Main.storyboard */; };
		E14200C123A72E6000290F2A /* Assets.xcassets in Resources */ = {isa = PBXBuildFile; fileRef = E14200C023A72E6000290F2A /* Assets.xcassets */; };
		E14200C423A72E6000290F2A /* LaunchScreen.storyboard in Resources */ = {isa = PBXBuildFile; fileRef = E14200C223A72E6000290F2A /* LaunchScreen.storyboard */; };
		E14200CF23A72E6000290F2A /* practice_alertTests.swift in Sources */ = {isa = PBXBuildFile; fileRef = E14200CE23A72E6000290F2A /* practice_alertTests.swift */; };
		E14200DA23A72E6000290F2A /* practice_alertUITests.swift in Sources */ = {isa = PBXBuildFile; fileRef = E14200D923A72E6000290F2A /* practice_alertUITests.swift */; };
/* End PBXBuildFile section */

/* Begin PBXContainerItemProxy section */
		E14200CB23A72E6000290F2A /* PBXContainerItemProxy */ = {
			isa = PBXContainerItemProxy;
			containerPortal = E14200AC23A72E5F00290F2A /* Project object */;
			proxyType = 1;
			remoteGlobalIDString = E14200B323A72E5F00290F2A;
			remoteInfo = practice_alert;
		};
		E14200D623A72E6000290F2A /* PBXContainerItemProxy */ = {
			isa = PBXContainerItemProxy;
			containerPortal = E14200AC23A72E5F00290F2A /* Project object */;
			proxyType = 1;
			remoteGlobalIDString = E14200B323A72E5F00290F2A;
			remoteInfo = practice_alert;
		};
/* End PBXContainerItemProxy section */

/* Begin PBXFileReference section */
		E14200B423A72E5F00290F2A /* practice_alert.app */ = {isa = PBXFileReference; explicitFileType = wrapper.application; includeInIndex = 0; path = practice_alert.app; sourceTree = BUILT_PRODUCTS_DIR; };
		E14200B723A72E5F00290F2A /* AppDelegate.swift */ = {isa = PBXFileReference; lastKnownFileType = sourcecode.swift; path = AppDelegate.swift; sourceTree = "<group>"; };
		E14200B923A72E5F00290F2A /* SceneDelegate.swift */ = {isa = PBXFileReference; lastKnownFileType = sourcecode.swift; path = SceneDelegate.swift; sourceTree = "<group>"; };
		E14200BB23A72E5F00290F2A /* ViewController.swift */ = {isa = PBXFileReference; lastKnownFileType = sourcecode.swift; path = ViewController.swift; sourceTree = "<group>"; };
		E14200BE23A72E5F00290F2A /* Base */ = {isa = PBXFileReference; lastKnownFileType = file.storyboard; name = Base; path = Base.lproj/Main.storyboard; sourceTree = "<group>"; };
		E14200C023A72E6000290F2A /* Assets.xcassets */ = {isa = PBXFileReference; lastKnownFileType = folder.assetcatalog; path = Assets.xcassets; sourceTree = "<group>"; };
		E14200C323A72E6000290F2A /* Base */ = {isa = PBXFileReference; lastKnownFileType = file.storyboard; name = Base; path = Base.lproj/LaunchScreen.storyboard; sourceTree = "<group>"; };
		E14200C523A72E6000290F2A /* Info.plist */ = {isa = PBXFileReference; lastKnownFileType = text.plist.xml; path = Info.plist; sourceTree = "<group>"; };
		E14200CA23A72E6000290F2A /* practice_alertTests.xctest */ = {isa = PBXFileReference; explicitFileType = wrapper.cfbundle; includeInIndex = 0; path = practice_alertTests.xctest; sourceTree = BUILT_PRODUCTS_DIR; };
		E14200CE23A72E6000290F2A /* practice_alertTests.swift */ = {isa = PBXFileReference; lastKnownFileType = sourcecode.swift; path = practice_alertTests.swift; sourceTree = "<group>"; };
		E14200D023A72E6000290F2A /* Info.plist */ = {isa = PBXFileReference; lastKnownFileType = text.plist.xml; path = Info.plist; sourceTree = "<group>"; };
		E14200D523A72E6000290F2A /* practice_alertUITests.xctest */ = {isa = PBXFileReference; explicitFileType = wrapper.cfbundle; includeInIndex = 0; path = practice_alertUITests.xctest; sourceTree = BUILT_PRODUCTS_DIR; };
		E14200D923A72E6000290F2A /* practice_alertUITests.swift */ = {isa = PBXFileReference; lastKnownFileType = sourcecode.swift; path = practice_alertUITests.swift; sourceTree = "<group>"; };
		E14200DB23A72E6000290F2A /* Info.plist */ = {isa = PBXFileReference; lastKnownFileType = text.plist.xml; path = Info.plist; sourceTree = "<group>"; };
/* End PBXFileReference section */

/* Begin PBXFrameworksBuildPhase section */
		E14200B123A72E5F00290F2A /* Frameworks */ = {
			isa = PBXFrameworksBuildPhase;
			buildActionMask = 2147483647;
			files = (
			);
			runOnlyForDeploymentPostprocessing = 0;
		};
		E14200C723A72E6000290F2A /* Frameworks */ = {
			isa = PBXFrameworksBuildPhase;
			buildActionMask = 2147483647;
			files = (
			);
			runOnlyForDeploymentPostprocessing = 0;
		};
		E14200D223A72E6000290F2A /* Frameworks */ = {
			isa = PBXFrameworksBuildPhase;
			buildActionMask = 2147483647;
			files = (
			);
			runOnlyForDeploymentPostprocessing = 0;
		};
/* End PBXFrameworksBuildPhase section */

/* Begin PBXGroup section */
		E14200AB23A72E5F00290F2A = {
			isa = PBXGroup;
			children = (
				E14200B623A72E5F00290F2A /* practice_alert */,
				E14200CD23A72E6000290F2A /* practice_alertTests */,
				E14200D823A72E6000290F2A /* practice_alertUITests */,
				E14200B523A72E5F00290F2A /* Products */,
			);
			sourceTree = "<group>";
		};
		E14200B523A72E5F00290F2A /* Products */ = {
			isa = PBXGroup;
			children = (
				E14200B423A72E5F00290F2A /* practice_alert.app */,
				E14200CA23A72E6000290F2A /* practice_alertTests.xctest */,
				E14200D523A72E6000290F2A /* practice_alertUITests.xctest */,
			);
			name = Products;
			sourceTree = "<group>";
		};
		E14200B623A72E5F00290F2A /* practice_alert */ = {
			isa = PBXGroup;
			children = (
				E14200B723A72E5F00290F2A /* AppDelegate.swift */,
				E14200B923A72E5F00290F2A /* SceneDelegate.swift */,
				E14200BB23A72E5F00290F2A /* ViewController.swift */,
				E14200BD23A72E5F00290F2A /* Main.storyboard */,
				E14200C023A72E6000290F2A /* Assets.xcassets */,
				E14200C223A72E6000290F2A /* LaunchScreen.storyboard */,
				E14200C523A72E6000290F2A /* Info.plist */,
			);
			path = practice_alert;
			sourceTree = "<group>";
		};
		E14200CD23A72E6000290F2A /* practice_alertTests */ = {
			isa = PBXGroup;
			children = (
				E14200CE23A72E6000290F2A /* practice_alertTests.swift */,
				E14200D023A72E6000290F2A /* Info.plist */,
			);
			path = practice_alertTests;
			sourceTree = "<group>";
		};
		E14200D823A72E6000290F2A /* practice_alertUITests */ = {
			isa = PBXGroup;
			children = (
				E14200D923A72E6000290F2A /* practice_alertUITests.swift */,
				E14200DB23A72E6000290F2A /* Info.plist */,
			);
			path = practice_alertUITests;
			sourceTree = "<group>";
		};
/* End PBXGroup section */

/* Begin PBXNativeTarget section */
		E14200B323A72E5F00290F2A /* practice_alert */ = {
			isa = PBXNativeTarget;
			buildConfigurationList = E14200DE23A72E6000290F2A /* Build configuration list for PBXNativeTarget "practice_alert" */;
			buildPhases = (
				E14200B023A72E5F00290F2A /* Sources */,
				E14200B123A72E5F00290F2A /* Frameworks */,
				E14200B223A72E5F00290F2A /* Resources */,
			);
			buildRules = (
			);
			dependencies = (
			);
			name = practice_alert;
			productName = practice_alert;
			productReference = E14200B423A72E5F00290F2A /* practice_alert.app */;
			productType = "com.apple.product-type.application";
		};
		E14200C923A72E6000290F2A /* practice_alertTests */ = {
			isa = PBXNativeTarget;
			buildConfigurationList = E14200E123A72E6000290F2A /* Build configuration list for PBXNativeTarget "practice_alertTests" */;
			buildPhases = (
				E14200C623A72E6000290F2A /* Sources */,
				E14200C723A72E6000290F2A /* Frameworks */,
				E14200C823A72E6000290F2A /* Resources */,
			);
			buildRules = (
			);
			dependencies = (
				E14200CC23A72E6000290F2A /* PBXTargetDependency */,
			);
			name = practice_alertTests;
			productName = practice_alertTests;
			productReference = E14200CA23A72E6000290F2A /* practice_alertTests.xctest */;
			productType = "com.apple.product-type.bundle.unit-test";
		};
		E14200D423A72E6000290F2A /* practice_alertUITests */ = {
			isa = PBXNativeTarget;
			buildConfigurationList = E14200E423A72E6000290F2A /* Build configuration list for PBXNativeTarget "practice_alertUITests" */;
			buildPhases = (
				E14200D123A72E6000290F2A /* Sources */,
				E14200D223A72E6000290F2A /* Frameworks */,
				E14200D323A72E6000290F2A /* Resources */,
			);
			buildRules = (
			);
			dependencies = (
				E14200D723A72E6000290F2A /* PBXTargetDependency */,
			);
			name = practice_alertUITests;
			productName = practice_alertUITests;
			productReference = E14200D523A72E6000290F2A /* practice_alertUITests.xctest */;
			productType = "com.apple.product-type.bundle.ui-testing";
		};
/* End PBXNativeTarget section */

/* Begin PBXProject section */
		E14200AC23A72E5F00290F2A /* Project object */ = {
			isa = PBXProject;
			attributes = {
				LastSwiftUpdateCheck = 1120;
				LastUpgradeCheck = 1120;
				ORGANIZATIONNAME = Jianny;
				TargetAttributes = {
					E14200B323A72E5F00290F2A = {
						CreatedOnToolsVersion = 11.2;
					};
					E14200C923A72E6000290F2A = {
						CreatedOnToolsVersion = 11.2;
						TestTargetID = E14200B323A72E5F00290F2A;
					};
					E14200D423A72E6000290F2A = {
						CreatedOnToolsVersion = 11.2;
						TestTargetID = E14200B323A72E5F00290F2A;
					};
				};
			};
			buildConfigurationList = E14200AF23A72E5F00290F2A /* Build configuration list for PBXProject "practice_alert" */;
			compatibilityVersion = "Xcode 9.3";
			developmentRegion = en;
			hasScannedForEncodings = 0;
			knownRegions = (
				en,
				Base,
			);
			mainGroup = E14200AB23A72E5F00290F2A;
			productRefGroup = E14200B523A72E5F00290F2A /* Products */;
			projectDirPath = "";
			projectRoot = "";
			targets = (
				E14200B323A72E5F00290F2A /* practice_alert */,
				E14200C923A72E6000290F2A /* practice_alertTests */,
				E14200D423A72E6000290F2A /* practice_alertUITests */,
			);
		};
/* End PBXProject section */

/* Begin PBXResourcesBuildPhase section */
		E14200B223A72E5F00290F2A /* Resources */ = {
			isa = PBXResourcesBuildPhase;
			buildActionMask = 2147483647;
			files = (
				E14200C423A72E6000290F2A /* LaunchScreen.storyboard in Resources */,
				E14200C123A72E6000290F2A /* Assets.xcassets in Resources */,
				E14200BF23A72E5F00290F2A /* Main.storyboard in Resources */,
			);
			runOnlyForDeploymentPostprocessing = 0;
		};
		E14200C823A72E6000290F2A /* Resources */ = {
			isa = PBXResourcesBuildPhase;
			buildActionMask = 2147483647;
			files = (
			);
			runOnlyForDeploymentPostprocessing = 0;
		};
		E14200D323A72E6000290F2A /* Resources */ = {
			isa = PBXResourcesBuildPhase;
			buildActionMask = 2147483647;
			files = (
			);
			runOnlyForDeploymentPostprocessing = 0;
		};
/* End PBXResourcesBuildPhase section */

/* Begin PBXSourcesBuildPhase section */
		E14200B023A72E5F00290F2A /* Sources */ = {
			isa = PBXSourcesBuildPhase;
			buildActionMask = 2147483647;
			files = (
				E14200BC23A72E5F00290F2A /* ViewController.swift in Sources */,
				E14200B823A72E5F00290F2A /* AppDelegate.swift in Sources */,
				E14200BA23A72E5F00290F2A /* SceneDelegate.swift in Sources */,
			);
			runOnlyForDeploymentPostprocessing = 0;
		};
		E14200C623A72E6000290F2A /* Sources */ = {
			isa = PBXSourcesBuildPhase;
			buildActionMask = 2147483647;
			files = (
				E14200CF23A72E6000290F2A /* practice_alertTests.swift in Sources */,
			);
			runOnlyForDeploymentPostprocessing = 0;
		};
		E14200D123A72E6000290F2A /* Sources */ = {
			isa = PBXSourcesBuildPhase;
			buildActionMask = 2147483647;
			files = (
				E14200DA23A72E6000290F2A /* practice_alertUITests.swift in Sources */,
			);
			runOnlyForDeploymentPostprocessing = 0;
		};
/* End PBXSourcesBuildPhase section */

/* Begin PBXTargetDependency section */
		E14200CC23A72E6000290F2A /* PBXTargetDependency */ = {
			isa = PBXTargetDependency;
			target = E14200B323A72E5F00290F2A /* practice_alert */;
			targetProxy = E14200CB23A72E6000290F2A /* PBXContainerItemProxy */;
		};
		E14200D723A72E6000290F2A /* PBXTargetDependency */ = {
			isa = PBXTargetDependency;
			target = E14200B323A72E5F00290F2A /* practice_alert */;
			targetProxy = E14200D623A72E6000290F2A /* PBXContainerItemProxy */;
		};
/* End PBXTargetDependency section */

/* Begin PBXVariantGroup section */
		E14200BD23A72E5F00290F2A /* Main.storyboard */ = {
			isa = PBXVariantGroup;
			children = (
				E14200BE23A72E5F00290F2A /* Base */,
			);
			name = Main.storyboard;
			sourceTree = "<group>";
		};
		E14200C223A72E6000290F2A /* LaunchScreen.storyboard */ = {
			isa = PBXVariantGroup;
			children = (
				E14200C323A72E6000290F2A /* Base */,
			);
			name = LaunchScreen.storyboard;
			sourceTree = "<group>";
		};
/* End PBXVariantGroup section */

/* Begin XCBuildConfiguration section */
		E14200DC23A72E6000290F2A /* Debug */ = {
			isa = XCBuildConfiguration;
			buildSettings = {
				ALWAYS_SEARCH_USER_PATHS = NO;
				CLANG_ANALYZER_NONNULL = YES;
				CLANG_ANALYZER_NUMBER_OBJECT_CONVERSION = YES_AGGRESSIVE;
				CLANG_CXX_LANGUAGE_STANDARD = "gnu++14";
				CLANG_CXX_LIBRARY = "libc++";
				CLANG_ENABLE_MODULES = YES;
				CLANG_ENABLE_OBJC_ARC = YES;
				CLANG_ENABLE_OBJC_WEAK = YES;
				CLANG_WARN_BLOCK_CAPTURE_AUTORELEASING = YES;
				CLANG_WARN_BOOL_CONVERSION = YES;
				CLANG_WARN_COMMA = YES;
				CLANG_WARN_CONSTANT_CONVERSION = YES;
				CLANG_WARN_DEPRECATED_OBJC_IMPLEMENTATIONS = YES;
				CLANG_WARN_DIRECT_OBJC_ISA_USAGE = YES_ERROR;
				CLANG_WARN_DOCUMENTATION_COMMENTS = YES;
				CLANG_WARN_EMPTY_BODY = YES;
				CLANG_WARN_ENUM_CONVERSION = YES;
				CLANG_WARN_INFINITE_RECURSION = YES;
				CLANG_WARN_INT_CONVERSION = YES;
				CLANG_WARN_NON_LITERAL_NULL_CONVERSION = YES;
				CLANG_WARN_OBJC_IMPLICIT_RETAIN_SELF = YES;
				CLANG_WARN_OBJC_LITERAL_CONVERSION = YES;
				CLANG_WARN_OBJC_ROOT_CLASS = YES_ERROR;
				CLANG_WARN_RANGE_LOOP_ANALYSIS = YES;
				CLANG_WARN_STRICT_PROTOTYPES = YES;
				CLANG_WARN_SUSPICIOUS_MOVE = YES;
				CLANG_WARN_UNGUARDED_AVAILABILITY = YES_AGGRESSIVE;
				CLANG_WARN_UNREACHABLE_CODE = YES;
				CLANG_WARN__DUPLICATE_METHOD_MATCH = YES;
				COPY_PHASE_STRIP = NO;
				DEBUG_INFORMATION_FORMAT = dwarf;
				ENABLE_STRICT_OBJC_MSGSEND = YES;
				ENABLE_TESTABILITY = YES;
				GCC_C_LANGUAGE_STANDARD = gnu11;
				GCC_DYNAMIC_NO_PIC = NO;
				GCC_NO_COMMON_BLOCKS = YES;
				GCC_OPTIMIZATION_LEVEL = 0;
				GCC_PREPROCESSOR_DEFINITIONS = (
					"DEBUG=1",
					"$(inherited)",
				);
				GCC_WARN_64_TO_32_BIT_CONVERSION = YES;
				GCC_WARN_ABOUT_RETURN_TYPE = YES_ERROR;
				GCC_WARN_UNDECLARED_SELECTOR = YES;
				GCC_WARN_UNINITIALIZED_AUTOS = YES_AGGRESSIVE;
				GCC_WARN_UNUSED_FUNCTION = YES;
				GCC_WARN_UNUSED_VARIABLE = YES;
				IPHONEOS_DEPLOYMENT_TARGET = 13.2;
				MTL_ENABLE_DEBUG_INFO = INCLUDE_SOURCE;
				MTL_FAST_MATH = YES;
				ONLY_ACTIVE_ARCH = YES;
				SDKROOT = iphoneos;
				SWIFT_ACTIVE_COMPILATION_CONDITIONS = DEBUG;
				SWIFT_OPTIMIZATION_LEVEL = "-Onone";
			};
			name = Debug;
		};
		E14200DD23A72E6000290F2A /* Release */ = {
			isa = XCBuildConfiguration;
			buildSettings = {
				ALWAYS_SEARCH_USER_PATHS = NO;
				CLANG_ANALYZER_NONNULL = YES;
				CLANG_ANALYZER_NUMBER_OBJECT_CONVERSION = YES_AGGRESSIVE;
				CLANG_CXX_LANGUAGE_STANDARD = "gnu++14";
				CLANG_CXX_LIBRARY = "libc++";
				CLANG_ENABLE_MODULES = YES;
				CLANG_ENABLE_OBJC_ARC = YES;
				CLANG_ENABLE_OBJC_WEAK = YES;
				CLANG_WARN_BLOCK_CAPTURE_AUTORELEASING = YES;
				CLANG_WARN_BOOL_CONVERSION = YES;
				CLANG_WARN_COMMA = YES;
				CLANG_WARN_CONSTANT_CONVERSION = YES;
				CLANG_WARN_DEPRECATED_OBJC_IMPLEMENTATIONS = YES;
				CLANG_WARN_DIRECT_OBJC_ISA_USAGE = YES_ERROR;
				CLANG_WARN_DOCUMENTATION_COMMENTS = YES;
				CLANG_WARN_EMPTY_BODY = YES;
				CLANG_WARN_ENUM_CONVERSION = YES;
				CLANG_WARN_INFINITE_RECURSION = YES;
				CLANG_WARN_INT_CONVERSION = YES;
				CLANG_WARN_NON_LITERAL_NULL_CONVERSION = YES;
				CLANG_WARN_OBJC_IMPLICIT_RETAIN_SELF = YES;
				CLANG_WARN_OBJC_LITERAL_CONVERSION = YES;
				CLANG_WARN_OBJC_ROOT_CLASS = YES_ERROR;
				CLANG_WARN_RANGE_LOOP_ANALYSIS = YES;
				CLANG_WARN_STRICT_PROTOTYPES = YES;
				CLANG_WARN_SUSPICIOUS_MOVE = YES;
				CLANG_WARN_UNGUARDED_AVAILABILITY = YES_AGGRESSIVE;
				CLANG_WARN_UNREACHABLE_CODE = YES;
				CLANG_WARN__DUPLICATE_METHOD_MATCH = YES;
				COPY_PHASE_STRIP = NO;
				DEBUG_INFORMATION_FORMAT = "dwarf-with-dsym";
				ENABLE_NS_ASSERTIONS = NO;
				ENABLE_STRICT_OBJC_MSGSEND = YES;
				GCC_C_LANGUAGE_STANDARD = gnu11;
				GCC_NO_COMMON_BLOCKS = YES;
				GCC_WARN_64_TO_32_BIT_CONVERSION = YES;
				GCC_WARN_ABOUT_RETURN_TYPE = YES_ERROR;
				GCC_WARN_UNDECLARED_SELECTOR = YES;
				GCC_WARN_UNINITIALIZED_AUTOS = YES_AGGRESSIVE;
				GCC_WARN_UNUSED_FUNCTION = YES;
				GCC_WARN_UNUSED_VARIABLE = YES;
				IPHONEOS_DEPLOYMENT_TARGET = 13.2;
				MTL_ENABLE_DEBUG_INFO = NO;
				MTL_FAST_MATH = YES;
				SDKROOT = iphoneos;
				SWIFT_COMPILATION_MODE = wholemodule;
				SWIFT_OPTIMIZATION_LEVEL = "-O";
				VALIDATE_PRODUCT = YES;
			};
			name = Release;
		};
		E14200DF23A72E6000290F2A /* Debug */ = {
			isa = XCBuildConfiguration;
			buildSettings = {
				ASSETCATALOG_COMPILER_APPICON_NAME = AppIcon;
				CODE_SIGN_STYLE = Automatic;
				INFOPLIST_FILE = practice_alert/Info.plist;
				LD_RUNPATH_SEARCH_PATHS = (
					"$(inherited)",
					"@executable_path/Frameworks",
				);
				PRODUCT_BUNDLE_IDENTIFIER = "Jianny.practice-alert";
				PRODUCT_NAME = "$(TARGET_NAME)";
				SWIFT_VERSION = 5.0;
				TARGETED_DEVICE_FAMILY = "1,2";
			};
			name = Debug;
		};
		E14200E023A72E6000290F2A /* Release */ = {
			isa = XCBuildConfiguration;
			buildSettings = {
				ASSETCATALOG_COMPILER_APPICON_NAME = AppIcon;
				CODE_SIGN_STYLE = Automatic;
				INFOPLIST_FILE = practice_alert/Info.plist;
				LD_RUNPATH_SEARCH_PATHS = (
					"$(inherited)",
					"@executable_path/Frameworks",
				);
				PRODUCT_BUNDLE_IDENTIFIER = "Jianny.practice-alert";
				PRODUCT_NAME = "$(TARGET_NAME)";
				SWIFT_VERSION = 5.0;
				TARGETED_DEVICE_FAMILY = "1,2";
			};
			name = Release;
		};
		E14200E223A72E6000290F2A /* Debug */ = {
			isa = XCBuildConfiguration;
			buildSettings = {
				ALWAYS_EMBED_SWIFT_STANDARD_LIBRARIES = YES;
				BUNDLE_LOADER = "$(TEST_HOST)";
				CODE_SIGN_STYLE = Automatic;
				INFOPLIST_FILE = practice_alertTests/Info.plist;
				IPHONEOS_DEPLOYMENT_TARGET = 13.2;
				LD_RUNPATH_SEARCH_PATHS = (
					"$(inherited)",
					"@executable_path/Frameworks",
					"@loader_path/Frameworks",
				);
				PRODUCT_BUNDLE_IDENTIFIER = "Jianny.practice-alertTests";
				PRODUCT_NAME = "$(TARGET_NAME)";
				SWIFT_VERSION = 5.0;
				TARGETED_DEVICE_FAMILY = "1,2";
				TEST_HOST = "$(BUILT_PRODUCTS_DIR)/practice_alert.app/practice_alert";
			};
			name = Debug;
		};
		E14200E323A72E6000290F2A /* Release */ = {
			isa = XCBuildConfiguration;
			buildSettings = {
				ALWAYS_EMBED_SWIFT_STANDARD_LIBRARIES = YES;
				BUNDLE_LOADER = "$(TEST_HOST)";
				CODE_SIGN_STYLE = Automatic;
				INFOPLIST_FILE = practice_alertTests/Info.plist;
				IPHONEOS_DEPLOYMENT_TARGET = 13.2;
				LD_RUNPATH_SEARCH_PATHS = (
					"$(inherited)",
					"@executable_path/Frameworks",
					"@loader_path/Frameworks",
				);
				PRODUCT_BUNDLE_IDENTIFIER = "Jianny.practice-alertTests";
				PRODUCT_NAME = "$(TARGET_NAME)";
				SWIFT_VERSION = 5.0;
				TARGETED_DEVICE_FAMILY = "1,2";
				TEST_HOST = "$(BUILT_PRODUCTS_DIR)/practice_alert.app/practice_alert";
			};
			name = Release;
		};
		E14200E523A72E6000290F2A /* Debug */ = {
			isa = XCBuildConfiguration;
			buildSettings = {
				ALWAYS_EMBED_SWIFT_STANDARD_LIBRARIES = YES;
				CODE_SIGN_STYLE = Automatic;
				INFOPLIST_FILE = practice_alertUITests/Info.plist;
				LD_RUNPATH_SEARCH_PATHS = (
					"$(inherited)",
					"@executable_path/Frameworks",
					"@loader_path/Frameworks",
				);
				PRODUCT_BUNDLE_IDENTIFIER = "Jianny.practice-alertUITests";
				PRODUCT_NAME = "$(TARGET_NAME)";
				SWIFT_VERSION = 5.0;
				TARGETED_DEVICE_FAMILY = "1,2";
				TEST_TARGET_NAME = practice_alert;
			};
			name = Debug;
		};
		E14200E623A72E6000290F2A /* Release */ = {
			isa = XCBuildConfiguration;
			buildSettings = {
				ALWAYS_EMBED_SWIFT_STANDARD_LIBRARIES = YES;
				CODE_SIGN_STYLE = Automatic;
				INFOPLIST_FILE = practice_alertUITests/Info.plist;
				LD_RUNPATH_SEARCH_PATHS = (
					"$(inherited)",
					"@executable_path/Frameworks",
					"@loader_path/Frameworks",
				);
				PRODUCT_BUNDLE_IDENTIFIER = "Jianny.practice-alertUITests";
				PRODUCT_NAME = "$(TARGET_NAME)";
				SWIFT_VERSION = 5.0;
				TARGETED_DEVICE_FAMILY = "1,2";
				TEST_TARGET_NAME = practice_alert;
			};
			name = Release;
		};
/* End XCBuildConfiguration section */

/* Begin XCConfigurationList section */
		E14200AF23A72E5F00290F2A /* Build configuration list for PBXProject "practice_alert" */ = {
			isa = XCConfigurationList;
			buildConfigurations = (
				E14200DC23A72E6000290F2A /* Debug */,
				E14200DD23A72E6000290F2A /* Release */,
			);
			defaultConfigurationIsVisible = 0;
			defaultConfigurationName = Release;
		};
		E14200DE23A72E6000290F2A /* Build configuration list for PBXNativeTarget "practice_alert" */ = {
			isa = XCConfigurationList;
			buildConfigurations = (
				E14200DF23A72E6000290F2A /* Debug */,
				E14200E023A72E6000290F2A /* Release */,
			);
			defaultConfigurationIsVisible = 0;
			defaultConfigurationName = Release;
		};
		E14200E123A72E6000290F2A /* Build configuration list for PBXNativeTarget "practice_alertTests" */ = {
			isa = XCConfigurationList;
			buildConfigurations = (
				E14200E223A72E6000290F2A /* Debug */,
				E14200E323A72E6000290F2A /* Release */,
			);
			defaultConfigurationIsVisible = 0;
			defaultConfigurationName = Release;
		};
		E14200E423A72E6000290F2A /* Build configuration list for PBXNativeTarget "practice_alertUITests" */ = {
			isa = XCConfigurationList;
			buildConfigurations = (
				E14200E523A72E6000290F2A /* Debug */,
				E14200E623A72E6000290F2A /* Release */,
			);
			defaultConfigurationIsVisible = 0;
			defaultConfigurationName = Release;
		};
/* End XCConfigurationList section */
	};
	rootObject = E14200AC23A72E5F00290F2A /* Project object */;
}
