// !$*UTF8*$!
{
	archiveVersion = 1;
	classes = {
	};
	objectVersion = 50;
	objects = {

/* Begin PBXBuildFile section */
		E142000023A5ED8D00290F2A /* practice_datePickerTests.swift in Sources */ = {isa = PBXBuildFile; fileRef = E142FFFF23A5ED8D00290F2A /* practice_datePickerTests.swift */; };
		E142000B23A5ED8D00290F2A /* practice_datePickerUITests.swift in Sources */ = {isa = PBXBuildFile; fileRef = E142000A23A5ED8D00290F2A /* practice_datePickerUITests.swift */; };
		E142FFE923A5ED8900290F2A /* AppDelegate.swift in Sources */ = {isa = PBXBuildFile; fileRef = E142FFE823A5ED8900290F2A /* AppDelegate.swift */; };
		E142FFEB23A5ED8900290F2A /* SceneDelegate.swift in Sources */ = {isa = PBXBuildFile; fileRef = E142FFEA23A5ED8900290F2A /* SceneDelegate.swift */; };
		E142FFED23A5ED8900290F2A /* ViewController.swift in Sources */ = {isa = PBXBuildFile; fileRef = E142FFEC23A5ED8900290F2A /* ViewController.swift */; };
		E142FFF023A5ED8900290F2A /* Main.storyboard in Resources */ = {isa = PBXBuildFile; fileRef = E142FFEE23A5ED8900290F2A /* Main.storyboard */; };
		E142FFF223A5ED8D00290F2A /* Assets.xcassets in Resources */ = {isa = PBXBuildFile; fileRef = E142FFF123A5ED8D00290F2A /* Assets.xcassets */; };
		E142FFF523A5ED8D00290F2A /* LaunchScreen.storyboard in Resources */ = {isa = PBXBuildFile; fileRef = E142FFF323A5ED8D00290F2A /* LaunchScreen.storyboard */; };
/* End PBXBuildFile section */

/* Begin PBXContainerItemProxy section */
		E142000723A5ED8D00290F2A /* PBXContainerItemProxy */ = {
			isa = PBXContainerItemProxy;
			containerPortal = E142FFDD23A5ED8900290F2A /* Project object */;
			proxyType = 1;
			remoteGlobalIDString = E142FFE423A5ED8900290F2A;
			remoteInfo = practice_datePicker;
		};
		E142FFFC23A5ED8D00290F2A /* PBXContainerItemProxy */ = {
			isa = PBXContainerItemProxy;
			containerPortal = E142FFDD23A5ED8900290F2A /* Project object */;
			proxyType = 1;
			remoteGlobalIDString = E142FFE423A5ED8900290F2A;
			remoteInfo = practice_datePicker;
		};
/* End PBXContainerItemProxy section */

/* Begin PBXFileReference section */
		E142000123A5ED8D00290F2A /* Info.plist */ = {isa = PBXFileReference; lastKnownFileType = text.plist.xml; path = Info.plist; sourceTree = "<group>"; };
		E142000623A5ED8D00290F2A /* practice_datePickerUITests.xctest */ = {isa = PBXFileReference; explicitFileType = wrapper.cfbundle; includeInIndex = 0; path = practice_datePickerUITests.xctest; sourceTree = BUILT_PRODUCTS_DIR; };
		E142000A23A5ED8D00290F2A /* practice_datePickerUITests.swift */ = {isa = PBXFileReference; lastKnownFileType = sourcecode.swift; path = practice_datePickerUITests.swift; sourceTree = "<group>"; };
		E142000C23A5ED8D00290F2A /* Info.plist */ = {isa = PBXFileReference; lastKnownFileType = text.plist.xml; path = Info.plist; sourceTree = "<group>"; };
		E142FFE523A5ED8900290F2A /* practice_datePicker.app */ = {isa = PBXFileReference; explicitFileType = wrapper.application; includeInIndex = 0; path = practice_datePicker.app; sourceTree = BUILT_PRODUCTS_DIR; };
		E142FFE823A5ED8900290F2A /* AppDelegate.swift */ = {isa = PBXFileReference; lastKnownFileType = sourcecode.swift; path = AppDelegate.swift; sourceTree = "<group>"; };
		E142FFEA23A5ED8900290F2A /* SceneDelegate.swift */ = {isa = PBXFileReference; lastKnownFileType = sourcecode.swift; path = SceneDelegate.swift; sourceTree = "<group>"; };
		E142FFEC23A5ED8900290F2A /* ViewController.swift */ = {isa = PBXFileReference; lastKnownFileType = sourcecode.swift; path = ViewController.swift; sourceTree = "<group>"; };
		E142FFEF23A5ED8900290F2A /* Base */ = {isa = PBXFileReference; lastKnownFileType = file.storyboard; name = Base; path = Base.lproj/Main.storyboard; sourceTree = "<group>"; };
		E142FFF123A5ED8D00290F2A /* Assets.xcassets */ = {isa = PBXFileReference; lastKnownFileType = folder.assetcatalog; path = Assets.xcassets; sourceTree = "<group>"; };
		E142FFF423A5ED8D00290F2A /* Base */ = {isa = PBXFileReference; lastKnownFileType = file.storyboard; name = Base; path = Base.lproj/LaunchScreen.storyboard; sourceTree = "<group>"; };
		E142FFF623A5ED8D00290F2A /* Info.plist */ = {isa = PBXFileReference; lastKnownFileType = text.plist.xml; path = Info.plist; sourceTree = "<group>"; };
		E142FFFB23A5ED8D00290F2A /* practice_datePickerTests.xctest */ = {isa = PBXFileReference; explicitFileType = wrapper.cfbundle; includeInIndex = 0; path = practice_datePickerTests.xctest; sourceTree = BUILT_PRODUCTS_DIR; };
		E142FFFF23A5ED8D00290F2A /* practice_datePickerTests.swift */ = {isa = PBXFileReference; lastKnownFileType = sourcecode.swift; path = practice_datePickerTests.swift; sourceTree = "<group>"; };
/* End PBXFileReference section */

/* Begin PBXFrameworksBuildPhase section */
		E142000323A5ED8D00290F2A /* Frameworks */ = {
			isa = PBXFrameworksBuildPhase;
			buildActionMask = 2147483647;
			files = (
			);
			runOnlyForDeploymentPostprocessing = 0;
		};
		E142FFE223A5ED8900290F2A /* Frameworks */ = {
			isa = PBXFrameworksBuildPhase;
			buildActionMask = 2147483647;
			files = (
			);
			runOnlyForDeploymentPostprocessing = 0;
		};
		E142FFF823A5ED8D00290F2A /* Frameworks */ = {
			isa = PBXFrameworksBuildPhase;
			buildActionMask = 2147483647;
			files = (
			);
			runOnlyForDeploymentPostprocessing = 0;
		};
/* End PBXFrameworksBuildPhase section */

/* Begin PBXGroup section */
		E142000923A5ED8D00290F2A /* practice_datePickerUITests */ = {
			isa = PBXGroup;
			children = (
				E142000A23A5ED8D00290F2A /* practice_datePickerUITests.swift */,
				E142000C23A5ED8D00290F2A /* Info.plist */,
			);
			path = practice_datePickerUITests;
			sourceTree = "<group>";
		};
		E142FFDC23A5ED8900290F2A = {
			isa = PBXGroup;
			children = (
				E142FFE723A5ED8900290F2A /* practice_datePicker */,
				E142FFFE23A5ED8D00290F2A /* practice_datePickerTests */,
				E142000923A5ED8D00290F2A /* practice_datePickerUITests */,
				E142FFE623A5ED8900290F2A /* Products */,
			);
			sourceTree = "<group>";
		};
		E142FFE623A5ED8900290F2A /* Products */ = {
			isa = PBXGroup;
			children = (
				E142FFE523A5ED8900290F2A /* practice_datePicker.app */,
				E142FFFB23A5ED8D00290F2A /* practice_datePickerTests.xctest */,
				E142000623A5ED8D00290F2A /* practice_datePickerUITests.xctest */,
			);
			name = Products;
			sourceTree = "<group>";
		};
		E142FFE723A5ED8900290F2A /* practice_datePicker */ = {
			isa = PBXGroup;
			children = (
				E142FFE823A5ED8900290F2A /* AppDelegate.swift */,
				E142FFEA23A5ED8900290F2A /* SceneDelegate.swift */,
				E142FFEC23A5ED8900290F2A /* ViewController.swift */,
				E142FFEE23A5ED8900290F2A /* Main.storyboard */,
				E142FFF123A5ED8D00290F2A /* Assets.xcassets */,
				E142FFF323A5ED8D00290F2A /* LaunchScreen.storyboard */,
				E142FFF623A5ED8D00290F2A /* Info.plist */,
			);
			path = practice_datePicker;
			sourceTree = "<group>";
		};
		E142FFFE23A5ED8D00290F2A /* practice_datePickerTests */ = {
			isa = PBXGroup;
			children = (
				E142FFFF23A5ED8D00290F2A /* practice_datePickerTests.swift */,
				E142000123A5ED8D00290F2A /* Info.plist */,
			);
			path = practice_datePickerTests;
			sourceTree = "<group>";
		};
/* End PBXGroup section */

/* Begin PBXNativeTarget section */
		E142000523A5ED8D00290F2A /* practice_datePickerUITests */ = {
			isa = PBXNativeTarget;
			buildConfigurationList = E142001523A5ED8D00290F2A /* Build configuration list for PBXNativeTarget "practice_datePickerUITests" */;
			buildPhases = (
				E142000223A5ED8D00290F2A /* Sources */,
				E142000323A5ED8D00290F2A /* Frameworks */,
				E142000423A5ED8D00290F2A /* Resources */,
			);
			buildRules = (
			);
			dependencies = (
				E142000823A5ED8D00290F2A /* PBXTargetDependency */,
			);
			name = practice_datePickerUITests;
			productName = practice_datePickerUITests;
			productReference = E142000623A5ED8D00290F2A /* practice_datePickerUITests.xctest */;
			productType = "com.apple.product-type.bundle.ui-testing";
		};
		E142FFE423A5ED8900290F2A /* practice_datePicker */ = {
			isa = PBXNativeTarget;
			buildConfigurationList = E142000F23A5ED8D00290F2A /* Build configuration list for PBXNativeTarget "practice_datePicker" */;
			buildPhases = (
				E142FFE123A5ED8900290F2A /* Sources */,
				E142FFE223A5ED8900290F2A /* Frameworks */,
				E142FFE323A5ED8900290F2A /* Resources */,
			);
			buildRules = (
			);
			dependencies = (
			);
			name = practice_datePicker;
			productName = practice_datePicker;
			productReference = E142FFE523A5ED8900290F2A /* practice_datePicker.app */;
			productType = "com.apple.product-type.application";
		};
		E142FFFA23A5ED8D00290F2A /* practice_datePickerTests */ = {
			isa = PBXNativeTarget;
			buildConfigurationList = E142001223A5ED8D00290F2A /* Build configuration list for PBXNativeTarget "practice_datePickerTests" */;
			buildPhases = (
				E142FFF723A5ED8D00290F2A /* Sources */,
				E142FFF823A5ED8D00290F2A /* Frameworks */,
				E142FFF923A5ED8D00290F2A /* Resources */,
			);
			buildRules = (
			);
			dependencies = (
				E142FFFD23A5ED8D00290F2A /* PBXTargetDependency */,
			);
			name = practice_datePickerTests;
			productName = practice_datePickerTests;
			productReference = E142FFFB23A5ED8D00290F2A /* practice_datePickerTests.xctest */;
			productType = "com.apple.product-type.bundle.unit-test";
		};
/* End PBXNativeTarget section */

/* Begin PBXProject section */
		E142FFDD23A5ED8900290F2A /* Project object */ = {
			isa = PBXProject;
			attributes = {
				LastSwiftUpdateCheck = 1120;
				LastUpgradeCheck = 1120;
				ORGANIZATIONNAME = Jianny;
				TargetAttributes = {
					E142000523A5ED8D00290F2A = {
						CreatedOnToolsVersion = 11.2;
						TestTargetID = E142FFE423A5ED8900290F2A;
					};
					E142FFE423A5ED8900290F2A = {
						CreatedOnToolsVersion = 11.2;
					};
					E142FFFA23A5ED8D00290F2A = {
						CreatedOnToolsVersion = 11.2;
						TestTargetID = E142FFE423A5ED8900290F2A;
					};
				};
			};
			buildConfigurationList = E142FFE023A5ED8900290F2A /* Build configuration list for PBXProject "practice_datePicker" */;
			compatibilityVersion = "Xcode 9.3";
			developmentRegion = en;
			hasScannedForEncodings = 0;
			knownRegions = (
				en,
				Base,
			);
			mainGroup = E142FFDC23A5ED8900290F2A;
			productRefGroup = E142FFE623A5ED8900290F2A /* Products */;
			projectDirPath = "";
			projectRoot = "";
			targets = (
				E142FFE423A5ED8900290F2A /* practice_datePicker */,
				E142FFFA23A5ED8D00290F2A /* practice_datePickerTests */,
				E142000523A5ED8D00290F2A /* practice_datePickerUITests */,
			);
		};
/* End PBXProject section */

/* Begin PBXResourcesBuildPhase section */
		E142000423A5ED8D00290F2A /* Resources */ = {
			isa = PBXResourcesBuildPhase;
			buildActionMask = 2147483647;
			files = (
			);
			runOnlyForDeploymentPostprocessing = 0;
		};
		E142FFE323A5ED8900290F2A /* Resources */ = {
			isa = PBXResourcesBuildPhase;
			buildActionMask = 2147483647;
			files = (
				E142FFF523A5ED8D00290F2A /* LaunchScreen.storyboard in Resources */,
				E142FFF223A5ED8D00290F2A /* Assets.xcassets in Resources */,
				E142FFF023A5ED8900290F2A /* Main.storyboard in Resources */,
			);
			runOnlyForDeploymentPostprocessing = 0;
		};
		E142FFF923A5ED8D00290F2A /* Resources */ = {
			isa = PBXResourcesBuildPhase;
			buildActionMask = 2147483647;
			files = (
			);
			runOnlyForDeploymentPostprocessing = 0;
		};
/* End PBXResourcesBuildPhase section */

/* Begin PBXSourcesBuildPhase section */
		E142000223A5ED8D00290F2A /* Sources */ = {
			isa = PBXSourcesBuildPhase;
			buildActionMask = 2147483647;
			files = (
				E142000B23A5ED8D00290F2A /* practice_datePickerUITests.swift in Sources */,
			);
			runOnlyForDeploymentPostprocessing = 0;
		};
		E142FFE123A5ED8900290F2A /* Sources */ = {
			isa = PBXSourcesBuildPhase;
			buildActionMask = 2147483647;
			files = (
				E142FFED23A5ED8900290F2A /* ViewController.swift in Sources */,
				E142FFE923A5ED8900290F2A /* AppDelegate.swift in Sources */,
				E142FFEB23A5ED8900290F2A /* SceneDelegate.swift in Sources */,
			);
			runOnlyForDeploymentPostprocessing = 0;
		};
		E142FFF723A5ED8D00290F2A /* Sources */ = {
			isa = PBXSourcesBuildPhase;
			buildActionMask = 2147483647;
			files = (
				E142000023A5ED8D00290F2A /* practice_datePickerTests.swift in Sources */,
			);
			runOnlyForDeploymentPostprocessing = 0;
		};
/* End PBXSourcesBuildPhase section */

/* Begin PBXTargetDependency section */
		E142000823A5ED8D00290F2A /* PBXTargetDependency */ = {
			isa = PBXTargetDependency;
			target = E142FFE423A5ED8900290F2A /* practice_datePicker */;
			targetProxy = E142000723A5ED8D00290F2A /* PBXContainerItemProxy */;
		};
		E142FFFD23A5ED8D00290F2A /* PBXTargetDependency */ = {
			isa = PBXTargetDependency;
			target = E142FFE423A5ED8900290F2A /* practice_datePicker */;
			targetProxy = E142FFFC23A5ED8D00290F2A /* PBXContainerItemProxy */;
		};
/* End PBXTargetDependency section */

/* Begin PBXVariantGroup section */
		E142FFEE23A5ED8900290F2A /* Main.storyboard */ = {
			isa = PBXVariantGroup;
			children = (
				E142FFEF23A5ED8900290F2A /* Base */,
			);
			name = Main.storyboard;
			sourceTree = "<group>";
		};
		E142FFF323A5ED8D00290F2A /* LaunchScreen.storyboard */ = {
			isa = PBXVariantGroup;
			children = (
				E142FFF423A5ED8D00290F2A /* Base */,
			);
			name = LaunchScreen.storyboard;
			sourceTree = "<group>";
		};
/* End PBXVariantGroup section */

/* Begin XCBuildConfiguration section */
		E142000D23A5ED8D00290F2A /* Debug */ = {
			isa = XCBuildConfiguration;
			buildSettings = {
				ALWAYS_SEARCH_USER_PATHS = NO;
				CLANG_ANALYZER_NONNULL = YES;
				CLANG_ANALYZER_NUMBER_OBJECT_CONVERSION = YES_AGGRESSIVE;
				CLANG_CXX_LANGUAGE_STANDARD = "gnu++14";
				CLANG_CXX_LIBRARY = "libc++";
				CLANG_ENABLE_MODULES = YES;
				CLANG_ENABLE_OBJC_ARC = YES;
				CLANG_ENABLE_OBJC_WEAK = YES;
				CLANG_WARN_BLOCK_CAPTURE_AUTORELEASING = YES;
				CLANG_WARN_BOOL_CONVERSION = YES;
				CLANG_WARN_COMMA = YES;
				CLANG_WARN_CONSTANT_CONVERSION = YES;
				CLANG_WARN_DEPRECATED_OBJC_IMPLEMENTATIONS = YES;
				CLANG_WARN_DIRECT_OBJC_ISA_USAGE = YES_ERROR;
				CLANG_WARN_DOCUMENTATION_COMMENTS = YES;
				CLANG_WARN_EMPTY_BODY = YES;
				CLANG_WARN_ENUM_CONVERSION = YES;
				CLANG_WARN_INFINITE_RECURSION = YES;
				CLANG_WARN_INT_CONVERSION = YES;
				CLANG_WARN_NON_LITERAL_NULL_CONVERSION = YES;
				CLANG_WARN_OBJC_IMPLICIT_RETAIN_SELF = YES;
				CLANG_WARN_OBJC_LITERAL_CONVERSION = YES;
				CLANG_WARN_OBJC_ROOT_CLASS = YES_ERROR;
				CLANG_WARN_RANGE_LOOP_ANALYSIS = YES;
				CLANG_WARN_STRICT_PROTOTYPES = YES;
				CLANG_WARN_SUSPICIOUS_MOVE = YES;
				CLANG_WARN_UNGUARDED_AVAILABILITY = YES_AGGRESSIVE;
				CLANG_WARN_UNREACHABLE_CODE = YES;
				CLANG_WARN__DUPLICATE_METHOD_MATCH = YES;
				COPY_PHASE_STRIP = NO;
				DEBUG_INFORMATION_FORMAT = dwarf;
				ENABLE_STRICT_OBJC_MSGSEND = YES;
				ENABLE_TESTABILITY = YES;
				GCC_C_LANGUAGE_STANDARD = gnu11;
				GCC_DYNAMIC_NO_PIC = NO;
				GCC_NO_COMMON_BLOCKS = YES;
				GCC_OPTIMIZATION_LEVEL = 0;
				GCC_PREPROCESSOR_DEFINITIONS = (
					"DEBUG=1",
					"$(inherited)",
				);
				GCC_WARN_64_TO_32_BIT_CONVERSION = YES;
				GCC_WARN_ABOUT_RETURN_TYPE = YES_ERROR;
				GCC_WARN_UNDECLARED_SELECTOR = YES;
				GCC_WARN_UNINITIALIZED_AUTOS = YES_AGGRESSIVE;
				GCC_WARN_UNUSED_FUNCTION = YES;
				GCC_WARN_UNUSED_VARIABLE = YES;
				IPHONEOS_DEPLOYMENT_TARGET = 13.2;
				MTL_ENABLE_DEBUG_INFO = INCLUDE_SOURCE;
				MTL_FAST_MATH = YES;
				ONLY_ACTIVE_ARCH = YES;
				SDKROOT = iphoneos;
				SWIFT_ACTIVE_COMPILATION_CONDITIONS = DEBUG;
				SWIFT_OPTIMIZATION_LEVEL = "-Onone";
			};
			name = Debug;
		};
		E142000E23A5ED8D00290F2A /* Release */ = {
			isa = XCBuildConfiguration;
			buildSettings = {
				ALWAYS_SEARCH_USER_PATHS = NO;
				CLANG_ANALYZER_NONNULL = YES;
				CLANG_ANALYZER_NUMBER_OBJECT_CONVERSION = YES_AGGRESSIVE;
				CLANG_CXX_LANGUAGE_STANDARD = "gnu++14";
				CLANG_CXX_LIBRARY = "libc++";
				CLANG_ENABLE_MODULES = YES;
				CLANG_ENABLE_OBJC_ARC = YES;
				CLANG_ENABLE_OBJC_WEAK = YES;
				CLANG_WARN_BLOCK_CAPTURE_AUTORELEASING = YES;
				CLANG_WARN_BOOL_CONVERSION = YES;
				CLANG_WARN_COMMA = YES;
				CLANG_WARN_CONSTANT_CONVERSION = YES;
				CLANG_WARN_DEPRECATED_OBJC_IMPLEMENTATIONS = YES;
				CLANG_WARN_DIRECT_OBJC_ISA_USAGE = YES_ERROR;
				CLANG_WARN_DOCUMENTATION_COMMENTS = YES;
				CLANG_WARN_EMPTY_BODY = YES;
				CLANG_WARN_ENUM_CONVERSION = YES;
				CLANG_WARN_INFINITE_RECURSION = YES;
				CLANG_WARN_INT_CONVERSION = YES;
				CLANG_WARN_NON_LITERAL_NULL_CONVERSION = YES;
				CLANG_WARN_OBJC_IMPLICIT_RETAIN_SELF = YES;
				CLANG_WARN_OBJC_LITERAL_CONVERSION = YES;
				CLANG_WARN_OBJC_ROOT_CLASS = YES_ERROR;
				CLANG_WARN_RANGE_LOOP_ANALYSIS = YES;
				CLANG_WARN_STRICT_PROTOTYPES = YES;
				CLANG_WARN_SUSPICIOUS_MOVE = YES;
				CLANG_WARN_UNGUARDED_AVAILABILITY = YES_AGGRESSIVE;
				CLANG_WARN_UNREACHABLE_CODE = YES;
				CLANG_WARN__DUPLICATE_METHOD_MATCH = YES;
				COPY_PHASE_STRIP = NO;
				DEBUG_INFORMATION_FORMAT = "dwarf-with-dsym";
				ENABLE_NS_ASSERTIONS = NO;
				ENABLE_STRICT_OBJC_MSGSEND = YES;
				GCC_C_LANGUAGE_STANDARD = gnu11;
				GCC_NO_COMMON_BLOCKS = YES;
				GCC_WARN_64_TO_32_BIT_CONVERSION = YES;
				GCC_WARN_ABOUT_RETURN_TYPE = YES_ERROR;
				GCC_WARN_UNDECLARED_SELECTOR = YES;
				GCC_WARN_UNINITIALIZED_AUTOS = YES_AGGRESSIVE;
				GCC_WARN_UNUSED_FUNCTION = YES;
				GCC_WARN_UNUSED_VARIABLE = YES;
				IPHONEOS_DEPLOYMENT_TARGET = 13.2;
				MTL_ENABLE_DEBUG_INFO = NO;
				MTL_FAST_MATH = YES;
				SDKROOT = iphoneos;
				SWIFT_COMPILATION_MODE = wholemodule;
				SWIFT_OPTIMIZATION_LEVEL = "-O";
				VALIDATE_PRODUCT = YES;
			};
			name = Release;
		};
		E142001023A5ED8D00290F2A /* Debug */ = {
			isa = XCBuildConfiguration;
			buildSettings = {
				ASSETCATALOG_COMPILER_APPICON_NAME = AppIcon;
				CODE_SIGN_STYLE = Automatic;
				INFOPLIST_FILE = practice_datePicker/Info.plist;
				LD_RUNPATH_SEARCH_PATHS = (
					"$(inherited)",
					"@executable_path/Frameworks",
				);
				PRODUCT_BUNDLE_IDENTIFIER = "Jianny.practice-datePicker";
				PRODUCT_NAME = practice_datePicker;
				SWIFT_VERSION = 5.0;
				TARGETED_DEVICE_FAMILY = "1,2";
			};
			name = Debug;
		};
		E142001123A5ED8D00290F2A /* Release */ = {
			isa = XCBuildConfiguration;
			buildSettings = {
				ASSETCATALOG_COMPILER_APPICON_NAME = AppIcon;
				CODE_SIGN_STYLE = Automatic;
				INFOPLIST_FILE = practice_datePicker/Info.plist;
				LD_RUNPATH_SEARCH_PATHS = (
					"$(inherited)",
					"@executable_path/Frameworks",
				);
				PRODUCT_BUNDLE_IDENTIFIER = "Jianny.practice-datePicker";
				PRODUCT_NAME = practice_datePicker;
				SWIFT_VERSION = 5.0;
				TARGETED_DEVICE_FAMILY = "1,2";
			};
			name = Release;
		};
		E142001323A5ED8D00290F2A /* Debug */ = {
			isa = XCBuildConfiguration;
			buildSettings = {
				ALWAYS_EMBED_SWIFT_STANDARD_LIBRARIES = YES;
				BUNDLE_LOADER = "$(TEST_HOST)";
				CODE_SIGN_STYLE = Automatic;
				INFOPLIST_FILE = practice_datePickerTests/Info.plist;
				IPHONEOS_DEPLOYMENT_TARGET = 13.2;
				LD_RUNPATH_SEARCH_PATHS = (
					"$(inherited)",
					"@executable_path/Frameworks",
					"@loader_path/Frameworks",
				);
				PRODUCT_BUNDLE_IDENTIFIER = "Jianny.practice-datePickerTests";
				PRODUCT_NAME = "$(TARGET_NAME)";
				SWIFT_VERSION = 5.0;
				TARGETED_DEVICE_FAMILY = "1,2";
				TEST_HOST = "$(BUILT_PRODUCTS_DIR)/practice_datePicker.app/practice_datePicker";
			};
			name = Debug;
		};
		E142001423A5ED8D00290F2A /* Release */ = {
			isa = XCBuildConfiguration;
			buildSettings = {
				ALWAYS_EMBED_SWIFT_STANDARD_LIBRARIES = YES;
				BUNDLE_LOADER = "$(TEST_HOST)";
				CODE_SIGN_STYLE = Automatic;
				INFOPLIST_FILE = practice_datePickerTests/Info.plist;
				IPHONEOS_DEPLOYMENT_TARGET = 13.2;
				LD_RUNPATH_SEARCH_PATHS = (
					"$(inherited)",
					"@executable_path/Frameworks",
					"@loader_path/Frameworks",
				);
				PRODUCT_BUNDLE_IDENTIFIER = "Jianny.practice-datePickerTests";
				PRODUCT_NAME = "$(TARGET_NAME)";
				SWIFT_VERSION = 5.0;
				TARGETED_DEVICE_FAMILY = "1,2";
				TEST_HOST = "$(BUILT_PRODUCTS_DIR)/practice_datePicker.app/practice_datePicker";
			};
			name = Release;
		};
		E142001623A5ED8D00290F2A /* Debug */ = {
			isa = XCBuildConfiguration;
			buildSettings = {
				ALWAYS_EMBED_SWIFT_STANDARD_LIBRARIES = YES;
				CODE_SIGN_STYLE = Automatic;
				INFOPLIST_FILE = practice_datePickerUITests/Info.plist;
				LD_RUNPATH_SEARCH_PATHS = (
					"$(inherited)",
					"@executable_path/Frameworks",
					"@loader_path/Frameworks",
				);
				PRODUCT_BUNDLE_IDENTIFIER = "Jianny.practice-datePickerUITests";
				PRODUCT_NAME = "$(TARGET_NAME)";
				SWIFT_VERSION = 5.0;
				TARGETED_DEVICE_FAMILY = "1,2";
				TEST_TARGET_NAME = practice_datePicker;
			};
			name = Debug;
		};
		E142001723A5ED8D00290F2A /* Release */ = {
			isa = XCBuildConfiguration;
			buildSettings = {
				ALWAYS_EMBED_SWIFT_STANDARD_LIBRARIES = YES;
				CODE_SIGN_STYLE = Automatic;
				INFOPLIST_FILE = practice_datePickerUITests/Info.plist;
				LD_RUNPATH_SEARCH_PATHS = (
					"$(inherited)",
					"@executable_path/Frameworks",
					"@loader_path/Frameworks",
				);
				PRODUCT_BUNDLE_IDENTIFIER = "Jianny.practice-datePickerUITests";
				PRODUCT_NAME = "$(TARGET_NAME)";
				SWIFT_VERSION = 5.0;
				TARGETED_DEVICE_FAMILY = "1,2";
				TEST_TARGET_NAME = practice_datePicker;
			};
			name = Release;
		};
/* End XCBuildConfiguration section */

/* Begin XCConfigurationList section */
		E142000F23A5ED8D00290F2A /* Build configuration list for PBXNativeTarget "practice_datePicker" */ = {
			isa = XCConfigurationList;
			buildConfigurations = (
				E142001023A5ED8D00290F2A /* Debug */,
				E142001123A5ED8D00290F2A /* Release */,
			);
			defaultConfigurationIsVisible = 0;
			defaultConfigurationName = Release;
		};
		E142001223A5ED8D00290F2A /* Build configuration list for PBXNativeTarget "practice_datePickerTests" */ = {
			isa = XCConfigurationList;
			buildConfigurations = (
				E142001323A5ED8D00290F2A /* Debug */,
				E142001423A5ED8D00290F2A /* Release */,
			);
			defaultConfigurationIsVisible = 0;
			defaultConfigurationName = Release;
		};
		E142001523A5ED8D00290F2A /* Build configuration list for PBXNativeTarget "practice_datePickerUITests" */ = {
			isa = XCConfigurationList;
			buildConfigurations = (
				E142001623A5ED8D00290F2A /* Debug */,
				E142001723A5ED8D00290F2A /* Release */,
			);
			defaultConfigurationIsVisible = 0;
			defaultConfigurationName = Release;
		};
		E142FFE023A5ED8900290F2A /* Build configuration list for PBXProject "practice_datePicker" */ = {
			isa = XCConfigurationList;
			buildConfigurations = (
				E142000D23A5ED8D00290F2A /* Debug */,
				E142000E23A5ED8D00290F2A /* Release */,
			);
			defaultConfigurationIsVisible = 0;
			defaultConfigurationName = Release;
		};
/* End XCConfigurationList section */
	};
	rootObject = E142FFDD23A5ED8900290F2A /* Project object */;
}
